{
  "originHash" : "161e2bb56f3aa80a14efcbe837b56bd895972bfe6fe2e52b2ddb014b38c8e2b4",
  "pins" : [
    {
      "identity" : "specificationcore",
      "kind" : "remoteSourceControl",
      "location" : "https://github.com/SoundBlaster/SpecificationCore.git",
      "state" : {
        "revision" : "2394671f82ce42bbaebcc11d1c1a05a53022fe2f",
        "version" : "2.0.0"
      }
    },
    {
      "identity" : "swift-syntax",
      "kind" : "remoteSourceControl",
      "location" : "https://github.com/swiftlang/swift-syntax",
      "state" : {
        "revision" : "f99ae8aa18f0cf0d53481901f88a0991dc3bd4a2",
        "version" : "601.0.1"
      }
    },
    {
      "identity" : "swiftdecision",
      "kind" : "remoteSourceControl",
      "location" : "https://github.com/SoundBlaster/SwiftDecision.git",
      "state" : {
        "revision" : "4523a08140e1867009e5ddb70ca0d887a0416428",
        "version" : "0.3.0"
      }
    },
    {
      "identity" : "swiftjev",
      "kind" : "remoteSourceControl",
      "location" : "https://github.com/SoundBlaster/SwiftJev.git",
      "state" : {
        "revision" : "b0a21fda123cd7bcc3bb795290f11dcd70da100d",
        "version" : "0.1.0"
      }
    }
  ],
  "version" : 3
}
