// !$*UTF8*$!
{
	archiveVersion = 1;
	classes = {
	};
	objectVersion = 77;
	objects = {

/* Begin PBXBuildFile section */
		05AB46FBE54D49FA367F8C75 /* OracleAnswerTexture.swift in Sources */ = {isa = PBXBuildFile; fileRef = B4FEBB2DA601F4435F8A4D24 /* OracleAnswerTexture.swift */; };
		070C17965265C50BE178E613 /* OracleGame in Frameworks */ = {isa = PBXBuildFile; productRef = 4E5F7613A5B4238BF6496ACD /* OracleGame */; };
		086AAE21D06E4D2B0B970A17 /* OracleWidgetsBundle.swift in Sources */ = {isa = PBXBuildFile; fileRef = 00A74CBD7C2E32A5A6D5FAED /* OracleWidgetsBundle.swift */; };
		08750526D5EF2E6AEEE23BD3 /* OracleLighting.swift in Sources */ = {isa = PBXBuildFile; fileRef = BD88EDB4A07A20B61CED052A /* OracleLighting.swift */; };
		0C413AFAC6BB64504225BC2A /* OracleKeyboardDismissalUITests.swift in Sources */ = {isa = PBXBuildFile; fileRef = 4C1ABCEFDF8B508F160F6631 /* OracleKeyboardDismissalUITests.swift */; };
		0C4CFA6FCD802F3DBBC3FE18 /* CityChainPageModel.swift in Sources */ = {isa = PBXBuildFile; fileRef = 8CAD9C413344AF26731F5A83 /* CityChainPageModel.swift */; };
		0F14080BDB66721C03229982 /* OracleHaptics.swift in Sources */ = {isa = PBXBuildFile; fileRef = 89D4C408255199F51C9E4D9E /* OracleHaptics.swift */; };
		1171D0C01276BB198AED2320 /* OraclePageModel.swift in Sources */ = {isa = PBXBuildFile; fileRef = 55A4C6BD24CF45CE45B11625 /* OraclePageModel.swift */; };
		11CCB03EDA6C91FCA8DA8BB6 /* OracleBallViewport.swift in Sources */ = {isa = PBXBuildFile; fileRef = 1298BCF7A4C481829D00DD0D /* OracleBallViewport.swift */; };
		1A1ED4733AC5023DF7F56DD1 /* OracleFieldMesh.swift in Sources */ = {isa = PBXBuildFile; fileRef = D4C81B75995F2AFAA80302DE /* OracleFieldMesh.swift */; };
		1E7947AE883BC2653A6DCA5F /* OracleRevealComponent.swift in Sources */ = {isa = PBXBuildFile; fileRef = 445C45A6D202E3AB95183E34 /* OracleRevealComponent.swift */; };
		246F0A525994AF40D20F5001 /* GenerateInstantPredictionIntent.swift in Sources */ = {isa = PBXBuildFile; fileRef = 2FDC67E0A7EF1343E8E163A6 /* GenerateInstantPredictionIntent.swift */; };
		248C23E9ABDAFA82B6D469EB /* OracleFieldSystem.swift in Sources */ = {isa = PBXBuildFile; fileRef = ECF602E9E75819274A5A4DAB /* OracleFieldSystem.swift */; };
		28B49B28EE662B70EEE0AA13 /* OracleWindow.metal in Sources */ = {isa = PBXBuildFile; fileRef = 15519B2D3913C91241F53B9E /* OracleWindow.metal */; };
		2970C361B601B3AFC3C83A8E /* Assets.xcassets in Resources */ = {isa = PBXBuildFile; fileRef = F85255BEFB921D1C014C1753 /* Assets.xcassets */; };
		2CCEE2308AE20D4D17F0FDFB /* AppDependencies.swift in Sources */ = {isa = PBXBuildFile; fileRef = A67E1F11F5D3410963D22099 /* AppDependencies.swift */; };
		2D0F7D6CD3818F07344C8A38 /* OracleBallApp.swift in Sources */ = {isa = PBXBuildFile; fileRef = A9E8AA3D45A8DA72E5C9C6AE /* OracleBallApp.swift */; };
		33F3AA614B0AA0C50B6B26E9 /* OracleWidgetsExtension.appex in Embed Foundation Extensions */ = {isa = PBXBuildFile; fileRef = ACDC26693EFD67FE407BDC53 /* OracleWidgetsExtension.appex */; settings = {ATTRIBUTES = (RemoveHeadersOnCopy, ); }; };
		48C4C4E3A605725A5B907DF4 /* CityChainGame in Frameworks */ = {isa = PBXBuildFile; productRef = BCFC25CE5B72400FF274C46C /* CityChainGame */; };
		50807669B747813DBC71B7FD /* OracleScene.swift in Sources */ = {isa = PBXBuildFile; fileRef = 357AF2B335862288246DA28C /* OracleScene.swift */; };
		580EB72F3B3FF332583161E7 /* CityChainPage.swift in Sources */ = {isa = PBXBuildFile; fileRef = A4EA5F6E5CAB64FE4C85581F /* CityChainPage.swift */; };
		5B6A6A9912E027A69E2DA48E /* Localizable.xcstrings in Resources */ = {isa = PBXBuildFile; fileRef = 94EC648DF9878086C3FDFAEB /* Localizable.xcstrings */; };
		67A639B8B3CC8FD71BA3D81E /* SubmitCityForm.swift in Sources */ = {isa = PBXBuildFile; fileRef = 2E564316622538C1B0F24094 /* SubmitCityForm.swift */; };
		707B83D1BDF302B7B347FB89 /* OracleHistory in Frameworks */ = {isa = PBXBuildFile; productRef = E14F9F1E7EE4A975AA0F6EC8 /* OracleHistory */; };
		73D9F4D9F66A8E7D19B64430 /* OracleWidgetTimeline.swift in Sources */ = {isa = PBXBuildFile; fileRef = EC3AE3527A1B74DEFEB8C3B4 /* OracleWidgetTimeline.swift */; };
		7D280D82F2F7E5DF67FEA291 /* OraclePage.swift in Sources */ = {isa = PBXBuildFile; fileRef = 68F74D03A6B2BFC5B062E4D3 /* OraclePage.swift */; };
		82BB60CD72FC53C90D7DBD2F /* NestedA11yIDs in Frameworks */ = {isa = PBXBuildFile; productRef = A80462350E333E838A687772 /* NestedA11yIDs */; };
		82E6986B7DF9835BC0DFA101 /* OracleMotionInput.swift in Sources */ = {isa = PBXBuildFile; fileRef = D28DFCC17C6D03DE5A7A7D1A /* OracleMotionInput.swift */; };
		85139911433978FEDC77673D /* OracleFace.metal in Sources */ = {isa = PBXBuildFile; fileRef = EC4B8F1131B0DF0B3975D1D3 /* OracleFace.metal */; };
		87BF65EE99D6ACD07F95C3FE /* OracleAppPredictionWidget.swift in Sources */ = {isa = PBXBuildFile; fileRef = DFB09BAB95325736C5B21919 /* OracleAppPredictionWidget.swift */; };
		88B94470AC44FFD8F0C04E9C /* LaunchScreen.storyboard in Resources */ = {isa = PBXBuildFile; fileRef = 87EE378652E67B4C681C7CEA /* LaunchScreen.storyboard */; };
		984555AD6DFED2631EFF285C /* Localizable.xcstrings in Resources */ = {isa = PBXBuildFile; fileRef = A81CA36897223D0124FDDFE5 /* Localizable.xcstrings */; };
		9AD97E3CBCC1F59D2BCF1BDD /* OracleGame in Frameworks */ = {isa = PBXBuildFile; productRef = B526B27F616260884223ACF6 /* OracleGame */; };
		A3EE2CC47B4CB15DD7A30F73 /* OracleMaterials.swift in Sources */ = {isa = PBXBuildFile; fileRef = 173D0B5C45B582AFDB6217F4 /* OracleMaterials.swift */; };
		A69FFEDBE6FEAF3BF6840BE8 /* OraclePipelineDetailView.swift in Sources */ = {isa = PBXBuildFile; fileRef = 2FAFD99DC820B14AC5F98E6C /* OraclePipelineDetailView.swift */; };
		A72A68238261606A5A001734 /* OracleWidgetSharedState.swift in Sources */ = {isa = PBXBuildFile; fileRef = 8535B4FE08460A471C02ABCF /* OracleWidgetSharedState.swift */; };
		AF6617E50ED31DA57800D22C /* OracleMesh.swift in Sources */ = {isa = PBXBuildFile; fileRef = 57250EFE799C3061E9C2760F /* OracleMesh.swift */; };
		B8487555A70BD40DA8F7B8F0 /* AskOracleField.swift in Sources */ = {isa = PBXBuildFile; fileRef = 93A1AE4194E83ECDCE129A0C /* AskOracleField.swift */; };
		BEEB7D3D5DEE34E208AFB5DF /* OracleCosmicBackground.swift in Sources */ = {isa = PBXBuildFile; fileRef = F6D0F2E9F233D95523F6AADE /* OracleCosmicBackground.swift */; };
		C428D200A15D0227F94E7C98 /* OracleField.metal in Sources */ = {isa = PBXBuildFile; fileRef = 491709646E8608240F697179 /* OracleField.metal */; };
		C5CBA2C9D15B3CECA29148AF /* OracleFieldComponent.swift in Sources */ = {isa = PBXBuildFile; fileRef = BCB7FC53B3F1BD79B3963ABE /* OracleFieldComponent.swift */; };
		C660E0BCF93CFFEAC6ED29E0 /* OracleField.swift in Sources */ = {isa = PBXBuildFile; fileRef = B702F06B496B0B161550F616 /* OracleField.swift */; };
		C7BD59E26A02FB2014A3DEC9 /* Localizable.xcstrings in Resources */ = {isa = PBXBuildFile; fileRef = 632F2811B6281ED49A08F2E4 /* Localizable.xcstrings */; };
		CA7B6FB826C11092AB41EF8B /* CityTurnRow.swift in Sources */ = {isa = PBXBuildFile; fileRef = 346C1BCD4A824791392C194B /* CityTurnRow.swift */; };
		CC9713D79CF8C5FF87AAEE84 /* InstantPredictionWidget.swift in Sources */ = {isa = PBXBuildFile; fileRef = 6B9F7144567D17541E66E983 /* InstantPredictionWidget.swift */; };
		CE982400AFC0CA0CEAC8CB7A /* OracleCredentialsStore.swift in Sources */ = {isa = PBXBuildFile; fileRef = 189A2400EF9C0600C7420458 /* OracleCredentialsStore.swift */; };
		D2642B91F5B4C9FF8DB60BF8 /* OraclePresentation in Frameworks */ = {isa = PBXBuildFile; productRef = 01B68DE758911AE15B2AAEBE /* OraclePresentation */; };
		D35C1FB39BB776E196D9B2FC /* OracleBallGestureLayer.swift in Sources */ = {isa = PBXBuildFile; fileRef = B2B4E27431CA8AC53D80BBF0 /* OracleBallGestureLayer.swift */; };
		D58DEC0FE1D9DBC3A288FEBD /* AppIcon.icon in Resources */ = {isa = PBXBuildFile; fileRef = B531FD1996E7982085FB0DAB /* AppIcon.icon */; };
		D59B5FA5D6EDECEAF9F38A98 /* OracleRevealSystem.swift in Sources */ = {isa = PBXBuildFile; fileRef = C12F66D65B6726987E960904 /* OracleRevealSystem.swift */; };
		D811AB713A983C27ABB46B7F /* CityChainAppApp.swift in Sources */ = {isa = PBXBuildFile; fileRef = BABBD1A12DA4DC7CDD5E30DA /* CityChainAppApp.swift */; };
		EC6595AF675A41B6667771EE /* OracleMotionComponent.swift in Sources */ = {isa = PBXBuildFile; fileRef = 2083F00EA6DAE97338B46E3A /* OracleMotionComponent.swift */; };
		ED0E773E7B8A4DCBB13C7BB3 /* GameBoardWidget.swift in Sources */ = {isa = PBXBuildFile; fileRef = 5549BCD5D7EB858B6086D906 /* GameBoardWidget.swift */; };
		EFE0C9BD5C096D21F26C048C /* OracleHistory in Frameworks */ = {isa = PBXBuildFile; productRef = 95C63AA09DE5578A10CF1FF3 /* OracleHistory */; };
		F68B6A00A624552F48757EBB /* OraclePalette.swift in Sources */ = {isa = PBXBuildFile; fileRef = C440A94AC7B3B70E4C383882 /* OraclePalette.swift */; };
		FD2EA813D1694B02FD07768F /* OracleModeSelector.swift in Sources */ = {isa = PBXBuildFile; fileRef = 911A170638EF56C6D38F8199 /* OracleModeSelector.swift */; };
/* End PBXBuildFile section */

/* Begin PBXContainerItemProxy section */
		69A1E8FBACC85BE2F5E28221 /* PBXContainerItemProxy */ = {
			isa = PBXContainerItemProxy;
			containerPortal = 8CE498A7BADB6E1F82DF9593 /* Project object */;
			proxyType = 1;
			remoteGlobalIDString = 5F2AA21B77A3804B4174B9AD;
			remoteInfo = OracleBallApp;
		};
		BFFD7C9D1487BEB1814DD908 /* PBXContainerItemProxy */ = {
			isa = PBXContainerItemProxy;
			containerPortal = 8CE498A7BADB6E1F82DF9593 /* Project object */;
			proxyType = 1;
			remoteGlobalIDString = 17A07C189799AE57CFF894BD;
			remoteInfo = OracleWidgetsExtension;
		};
/* End PBXContainerItemProxy section */

/* Begin PBXCopyFilesBuildPhase section */
		A1666B2AE9353B999CF1AE8E /* Embed Foundation Extensions */ = {
			isa = PBXCopyFilesBuildPhase;
			buildActionMask = 2147483647;
			dstPath = "";
			dstSubfolderSpec = 13;
			files = (
				33F3AA614B0AA0C50B6B26E9 /* OracleWidgetsExtension.appex in Embed Foundation Extensions */,
			);
			name = "Embed Foundation Extensions";
			runOnlyForDeploymentPostprocessing = 0;
		};
/* End PBXCopyFilesBuildPhase section */

/* Begin PBXFileReference section */
		00A74CBD7C2E32A5A6D5FAED /* OracleWidgetsBundle.swift */ = {isa = PBXFileReference; lastKnownFileType = sourcecode.swift; path = OracleWidgetsBundle.swift; sourceTree = "<group>"; };
		1298BCF7A4C481829D00DD0D /* OracleBallViewport.swift */ = {isa = PBXFileReference; lastKnownFileType = sourcecode.swift; path = OracleBallViewport.swift; sourceTree = "<group>"; };
		15519B2D3913C91241F53B9E /* OracleWindow.metal */ = {isa = PBXFileReference; lastKnownFileType = sourcecode.metal; path = OracleWindow.metal; sourceTree = "<group>"; };
		173D0B5C45B582AFDB6217F4 /* OracleMaterials.swift */ = {isa = PBXFileReference; lastKnownFileType = sourcecode.swift; path = OracleMaterials.swift; sourceTree = "<group>"; };
		189A2400EF9C0600C7420458 /* OracleCredentialsStore.swift */ = {isa = PBXFileReference; lastKnownFileType = sourcecode.swift; path = OracleCredentialsStore.swift; sourceTree = "<group>"; };
		2083F00EA6DAE97338B46E3A /* OracleMotionComponent.swift */ = {isa = PBXFileReference; lastKnownFileType = sourcecode.swift; path = OracleMotionComponent.swift; sourceTree = "<group>"; };
		2E564316622538C1B0F24094 /* SubmitCityForm.swift */ = {isa = PBXFileReference; lastKnownFileType = sourcecode.swift; path = SubmitCityForm.swift; sourceTree = "<group>"; };
		2FAFD99DC820B14AC5F98E6C /* OraclePipelineDetailView.swift */ = {isa = PBXFileReference; lastKnownFileType = sourcecode.swift; path = OraclePipelineDetailView.swift; sourceTree = "<group>"; };
		2FDC67E0A7EF1343E8E163A6 /* GenerateInstantPredictionIntent.swift */ = {isa = PBXFileReference; lastKnownFileType = sourcecode.swift; path = GenerateInstantPredictionIntent.swift; sourceTree = "<group>"; };
		346C1BCD4A824791392C194B /* CityTurnRow.swift */ = {isa = PBXFileReference; lastKnownFileType = sourcecode.swift; path = CityTurnRow.swift; sourceTree = "<group>"; };
		357AF2B335862288246DA28C /* OracleScene.swift */ = {isa = PBXFileReference; lastKnownFileType = sourcecode.swift; path = OracleScene.swift; sourceTree = "<group>"; };
		373D4F350281AEB2AD84E367 /* SwiftDecision-Examples */ = {isa = PBXFileReference; lastKnownFileType = folder; name = "SwiftDecision-Examples"; path = .; sourceTree = SOURCE_ROOT; };
		406F38056CC7CB7D2357E63D /* OracleBallApp.entitlements */ = {isa = PBXFileReference; lastKnownFileType = text.plist.entitlements; path = OracleBallApp.entitlements; sourceTree = "<group>"; };
		445C45A6D202E3AB95183E34 /* OracleRevealComponent.swift */ = {isa = PBXFileReference; lastKnownFileType = sourcecode.swift; path = OracleRevealComponent.swift; sourceTree = "<group>"; };
		491709646E8608240F697179 /* OracleField.metal */ = {isa = PBXFileReference; lastKnownFileType = sourcecode.metal; path = OracleField.metal; sourceTree = "<group>"; };
		4C1ABCEFDF8B508F160F6631 /* OracleKeyboardDismissalUITests.swift */ = {isa = PBXFileReference; lastKnownFileType = sourcecode.swift; path = OracleKeyboardDismissalUITests.swift; sourceTree = "<group>"; };
		5549BCD5D7EB858B6086D906 /* GameBoardWidget.swift */ = {isa = PBXFileReference; lastKnownFileType = sourcecode.swift; path = GameBoardWidget.swift; sourceTree = "<group>"; };
		55A4C6BD24CF45CE45B11625 /* OraclePageModel.swift */ = {isa = PBXFileReference; lastKnownFileType = sourcecode.swift; path = OraclePageModel.swift; sourceTree = "<group>"; };
		57250EFE799C3061E9C2760F /* OracleMesh.swift */ = {isa = PBXFileReference; lastKnownFileType = sourcecode.swift; path = OracleMesh.swift; sourceTree = "<group>"; };
		632F2811B6281ED49A08F2E4 /* Localizable.xcstrings */ = {isa = PBXFileReference; lastKnownFileType = text.json.xcstrings; path = Localizable.xcstrings; sourceTree = "<group>"; };
		68F74D03A6B2BFC5B062E4D3 /* OraclePage.swift */ = {isa = PBXFileReference; lastKnownFileType = sourcecode.swift; path = OraclePage.swift; sourceTree = "<group>"; };
		6B9F7144567D17541E66E983 /* InstantPredictionWidget.swift */ = {isa = PBXFileReference; lastKnownFileType = sourcecode.swift; path = InstantPredictionWidget.swift; sourceTree = "<group>"; };
		7D2B12290F6ADAE2F1B1DBB2 /* CityChainApp.app */ = {isa = PBXFileReference; includeInIndex = 0; lastKnownFileType = wrapper.application; path = CityChainApp.app; sourceTree = BUILT_PRODUCTS_DIR; };
		8535B4FE08460A471C02ABCF /* OracleWidgetSharedState.swift */ = {isa = PBXFileReference; lastKnownFileType = sourcecode.swift; path = OracleWidgetSharedState.swift; sourceTree = "<group>"; };
		87EE378652E67B4C681C7CEA /* LaunchScreen.storyboard */ = {isa = PBXFileReference; lastKnownFileType = file.storyboard; path = LaunchScreen.storyboard; sourceTree = "<group>"; };
		89D4C408255199F51C9E4D9E /* OracleHaptics.swift */ = {isa = PBXFileReference; lastKnownFileType = sourcecode.swift; path = OracleHaptics.swift; sourceTree = "<group>"; };
		8AFB52F61EEB650A0BD6887C /* Info.plist */ = {isa = PBXFileReference; lastKnownFileType = text.plist; path = Info.plist; sourceTree = "<group>"; };
		8CAD9C413344AF26731F5A83 /* CityChainPageModel.swift */ = {isa = PBXFileReference; lastKnownFileType = sourcecode.swift; path = CityChainPageModel.swift; sourceTree = "<group>"; };
		911A170638EF56C6D38F8199 /* OracleModeSelector.swift */ = {isa = PBXFileReference; lastKnownFileType = sourcecode.swift; path = OracleModeSelector.swift; sourceTree = "<group>"; };
		93A1AE4194E83ECDCE129A0C /* AskOracleField.swift */ = {isa = PBXFileReference; lastKnownFileType = sourcecode.swift; path = AskOracleField.swift; sourceTree = "<group>"; };
		94EC648DF9878086C3FDFAEB /* Localizable.xcstrings */ = {isa = PBXFileReference; lastKnownFileType = text.json.xcstrings; path = Localizable.xcstrings; sourceTree = "<group>"; };
		9C2615427A2B6A804DDC43B7 /* OracleBallAppUITests.xctest */ = {isa = PBXFileReference; includeInIndex = 0; lastKnownFileType = wrapper.cfbundle; path = OracleBallAppUITests.xctest; sourceTree = BUILT_PRODUCTS_DIR; };
		A4EA5F6E5CAB64FE4C85581F /* CityChainPage.swift */ = {isa = PBXFileReference; lastKnownFileType = sourcecode.swift; path = CityChainPage.swift; sourceTree = "<group>"; };
		A67E1F11F5D3410963D22099 /* AppDependencies.swift */ = {isa = PBXFileReference; lastKnownFileType = sourcecode.swift; path = AppDependencies.swift; sourceTree = "<group>"; };
		A81CA36897223D0124FDDFE5 /* Localizable.xcstrings */ = {isa = PBXFileReference; lastKnownFileType = text.json.xcstrings; path = Localizable.xcstrings; sourceTree = "<group>"; };
		A9E8AA3D45A8DA72E5C9C6AE /* OracleBallApp.swift */ = {isa = PBXFileReference; lastKnownFileType = sourcecode.swift; path = OracleBallApp.swift; sourceTree = "<group>"; };
		ACDC26693EFD67FE407BDC53 /* OracleWidgetsExtension.appex */ = {isa = PBXFileReference; includeInIndex = 0; lastKnownFileType = "wrapper.app-extension"; path = OracleWidgetsExtension.appex; sourceTree = BUILT_PRODUCTS_DIR; };
		B2B4E27431CA8AC53D80BBF0 /* OracleBallGestureLayer.swift */ = {isa = PBXFileReference; lastKnownFileType = sourcecode.swift; path = OracleBallGestureLayer.swift; sourceTree = "<group>"; };
		B4FEBB2DA601F4435F8A4D24 /* OracleAnswerTexture.swift */ = {isa = PBXFileReference; lastKnownFileType = sourcecode.swift; path = OracleAnswerTexture.swift; sourceTree = "<group>"; };
		B531FD1996E7982085FB0DAB /* AppIcon.icon */ = {isa = PBXFileReference; lastKnownFileType = wrapper.icon; path = AppIcon.icon; sourceTree = "<group>"; };
		B702F06B496B0B161550F616 /* OracleField.swift */ = {isa = PBXFileReference; lastKnownFileType = sourcecode.swift; path = OracleField.swift; sourceTree = "<group>"; };
		BABBD1A12DA4DC7CDD5E30DA /* CityChainAppApp.swift */ = {isa = PBXFileReference; lastKnownFileType = sourcecode.swift; path = CityChainAppApp.swift; sourceTree = "<group>"; };
		BCB7FC53B3F1BD79B3963ABE /* OracleFieldComponent.swift */ = {isa = PBXFileReference; lastKnownFileType = sourcecode.swift; path = OracleFieldComponent.swift; sourceTree = "<group>"; };
		BD88EDB4A07A20B61CED052A /* OracleLighting.swift */ = {isa = PBXFileReference; lastKnownFileType = sourcecode.swift; path = OracleLighting.swift; sourceTree = "<group>"; };
		C12F66D65B6726987E960904 /* OracleRevealSystem.swift */ = {isa = PBXFileReference; lastKnownFileType = sourcecode.swift; path = OracleRevealSystem.swift; sourceTree = "<group>"; };
		C440A94AC7B3B70E4C383882 /* OraclePalette.swift */ = {isa = PBXFileReference; lastKnownFileType = sourcecode.swift; path = OraclePalette.swift; sourceTree = "<group>"; };
		D28DFCC17C6D03DE5A7A7D1A /* OracleMotionInput.swift */ = {isa = PBXFileReference; lastKnownFileType = sourcecode.swift; path = OracleMotionInput.swift; sourceTree = "<group>"; };
		D4C81B75995F2AFAA80302DE /* OracleFieldMesh.swift */ = {isa = PBXFileReference; lastKnownFileType = sourcecode.swift; path = OracleFieldMesh.swift; sourceTree = "<group>"; };
		DEC372D3239535942E74F4DC /* OracleBallApp.app */ = {isa = PBXFileReference; includeInIndex = 0; lastKnownFileType = wrapper.application; path = OracleBallApp.app; sourceTree = BUILT_PRODUCTS_DIR; };
		DFB09BAB95325736C5B21919 /* OracleAppPredictionWidget.swift */ = {isa = PBXFileReference; lastKnownFileType = sourcecode.swift; path = OracleAppPredictionWidget.swift; sourceTree = "<group>"; };
		EC3AE3527A1B74DEFEB8C3B4 /* OracleWidgetTimeline.swift */ = {isa = PBXFileReference; lastKnownFileType = sourcecode.swift; path = OracleWidgetTimeline.swift; sourceTree = "<group>"; };
		EC4B8F1131B0DF0B3975D1D3 /* OracleFace.metal */ = {isa = PBXFileReference; lastKnownFileType = sourcecode.metal; path = OracleFace.metal; sourceTree = "<group>"; };
		ECF602E9E75819274A5A4DAB /* OracleFieldSystem.swift */ = {isa = PBXFileReference; lastKnownFileType = sourcecode.swift; path = OracleFieldSystem.swift; sourceTree = "<group>"; };
		F6D0F2E9F233D95523F6AADE /* OracleCosmicBackground.swift */ = {isa = PBXFileReference; lastKnownFileType = sourcecode.swift; path = OracleCosmicBackground.swift; sourceTree = "<group>"; };
		F85255BEFB921D1C014C1753 /* Assets.xcassets */ = {isa = PBXFileReference; lastKnownFileType = folder.assetcatalog; path = Assets.xcassets; sourceTree = "<group>"; };
/* End PBXFileReference section */

/* Begin PBXFrameworksBuildPhase section */
		268536A36475ED114571A0FE /* Frameworks */ = {
			isa = PBXFrameworksBuildPhase;
			buildActionMask = 2147483647;
			files = (
				9AD97E3CBCC1F59D2BCF1BDD /* OracleGame in Frameworks */,
				EFE0C9BD5C096D21F26C048C /* OracleHistory in Frameworks */,
			);
			runOnlyForDeploymentPostprocessing = 0;
		};
		D941363B7C9544F6E2DCC48B /* Frameworks */ = {
			isa = PBXFrameworksBuildPhase;
			buildActionMask = 2147483647;
			files = (
				D2642B91F5B4C9FF8DB60BF8 /* OraclePresentation in Frameworks */,
				070C17965265C50BE178E613 /* OracleGame in Frameworks */,
				707B83D1BDF302B7B347FB89 /* OracleHistory in Frameworks */,
				82BB60CD72FC53C90D7DBD2F /* NestedA11yIDs in Frameworks */,
			);
			runOnlyForDeploymentPostprocessing = 0;
		};
		F7679AD4D23EBBD70E4EC960 /* Frameworks */ = {
			isa = PBXFrameworksBuildPhase;
			buildActionMask = 2147483647;
			files = (
				48C4C4E3A605725A5B907DF4 /* CityChainGame in Frameworks */,
			);
			runOnlyForDeploymentPostprocessing = 0;
		};
/* End PBXFrameworksBuildPhase section */

/* Begin PBXGroup section */
		0653EA418B5B1744072B956C /* features */ = {
			isa = PBXGroup;
			children = (
				124BB5AA9B4A1385DDD31498 /* ask-oracle */,
			);
			path = features;
			sourceTree = "<group>";
		};
		0966F5EBC78D20791C03F650 /* ui */ = {
			isa = PBXGroup;
			children = (
				B2B4E27431CA8AC53D80BBF0 /* OracleBallGestureLayer.swift */,
				1298BCF7A4C481829D00DD0D /* OracleBallViewport.swift */,
			);
			path = ui;
			sourceTree = "<group>";
		};
		0EFAC966E8B5CDC22504FF7F /* city-chain */ = {
			isa = PBXGroup;
			children = (
				99CB98AB17F0CF3F29E086BE /* model */,
				E8FC602355EC6F88B5A0099B /* ui */,
			);
			path = "city-chain";
			sourceTree = "<group>";
		};
		124BB5AA9B4A1385DDD31498 /* ask-oracle */ = {
			isa = PBXGroup;
			children = (
				3BB0A26A0DFDCA3BFE0E3D73 /* ui */,
			);
			path = "ask-oracle";
			sourceTree = "<group>";
		};
		1AFD6DB74BF6793CA52E5B6B /* ui */ = {
			isa = PBXGroup;
			children = (
				5549BCD5D7EB858B6086D906 /* GameBoardWidget.swift */,
			);
			path = ui;
			sourceTree = "<group>";
		};
		1B157F4843D367ACA27CCF34 /* shared */ = {
			isa = PBXGroup;
			children = (
				87EE378652E67B4C681C7CEA /* LaunchScreen.storyboard */,
				8CEFD12E0DDC9060C245F2B3 /* assets */,
				1F5B7D0DDEF480C948BA1DD3 /* ui */,
			);
			path = shared;
			sourceTree = "<group>";
		};
		1F5B7D0DDEF480C948BA1DD3 /* ui */ = {
			isa = PBXGroup;
			children = (
				C440A94AC7B3B70E4C383882 /* OraclePalette.swift */,
			);
			path = ui;
			sourceTree = "<group>";
		};
		2081DE817D37E9E376740E06 /* motion */ = {
			isa = PBXGroup;
			children = (
				D28DFCC17C6D03DE5A7A7D1A /* OracleMotionInput.swift */,
			);
			path = motion;
			sourceTree = "<group>";
		};
		23391980C59A7DB43B369234 /* model */ = {
			isa = PBXGroup;
			children = (
				BCB7FC53B3F1BD79B3963ABE /* OracleFieldComponent.swift */,
				2083F00EA6DAE97338B46E3A /* OracleMotionComponent.swift */,
				445C45A6D202E3AB95183E34 /* OracleRevealComponent.swift */,
			);
			path = model;
			sourceTree = "<group>";
		};
		257E50C7017CB0B9AF6EC1B3 /* rendering */ = {
			isa = PBXGroup;
			children = (
				B4FEBB2DA601F4435F8A4D24 /* OracleAnswerTexture.swift */,
				EC4B8F1131B0DF0B3975D1D3 /* OracleFace.metal */,
				491709646E8608240F697179 /* OracleField.metal */,
				B702F06B496B0B161550F616 /* OracleField.swift */,
				ECF602E9E75819274A5A4DAB /* OracleFieldSystem.swift */,
				BD88EDB4A07A20B61CED052A /* OracleLighting.swift */,
				173D0B5C45B582AFDB6217F4 /* OracleMaterials.swift */,
				C12F66D65B6726987E960904 /* OracleRevealSystem.swift */,
				357AF2B335862288246DA28C /* OracleScene.swift */,
				15519B2D3913C91241F53B9E /* OracleWindow.metal */,
			);
			path = rendering;
			sourceTree = "<group>";
		};
		25AA18C74C29FA0C61CA1B02 /* ui */ = {
			isa = PBXGroup;
			children = (
				346C1BCD4A824791392C194B /* CityTurnRow.swift */,
			);
			path = ui;
			sourceTree = "<group>";
		};
		2AF2A62A3FE3E69437999835 /* OracleBallApp */ = {
			isa = PBXGroup;
			children = (
				8AFB52F61EEB650A0BD6887C /* Info.plist */,
				94EC648DF9878086C3FDFAEB /* Localizable.xcstrings */,
				406F38056CC7CB7D2357E63D /* OracleBallApp.entitlements */,
				753D497C7C54FCA33A867ABF /* app */,
				D5C249E64B808CE04F3CA95E /* entities */,
				0653EA418B5B1744072B956C /* features */,
				E49A8992C315599DEC2820D9 /* pages */,
				1B157F4843D367ACA27CCF34 /* shared */,
			);
			path = OracleBallApp;
			sourceTree = "<group>";
		};
		36A6014BB75818EB0900353F /* widgets */ = {
			isa = PBXGroup;
			children = (
				39655E1BBE8DB67618BC41F1 /* game-board */,
			);
			path = widgets;
			sourceTree = "<group>";
		};
		39655E1BBE8DB67618BC41F1 /* game-board */ = {
			isa = PBXGroup;
			children = (
				1AFD6DB74BF6793CA52E5B6B /* ui */,
			);
			path = "game-board";
			sourceTree = "<group>";
		};
		3BB0A26A0DFDCA3BFE0E3D73 /* ui */ = {
			isa = PBXGroup;
			children = (
				93A1AE4194E83ECDCE129A0C /* AskOracleField.swift */,
				911A170638EF56C6D38F8199 /* OracleModeSelector.swift */,
			);
			path = ui;
			sourceTree = "<group>";
		};
		3E724B63D8BA68E67F16EC0B /* features */ = {
			isa = PBXGroup;
			children = (
				FD84538909A24DC13BA93E0C /* submit-city */,
			);
			path = features;
			sourceTree = "<group>";
		};
		5A7D9BBDAE2001F67872F30C /* ui */ = {
			isa = PBXGroup;
			children = (
				2E564316622538C1B0F24094 /* SubmitCityForm.swift */,
			);
			path = ui;
			sourceTree = "<group>";
		};
		5F1713E7F0F35C0B50E48F63 /* oracle */ = {
			isa = PBXGroup;
			children = (
				6CDCC0ABD61BE7F944D52719 /* model */,
				8C76CDAD2025377612C086A7 /* ui */,
			);
			path = oracle;
			sourceTree = "<group>";
		};
		5FCF52F56832082BBB93D9D1 /* entrypoint */ = {
			isa = PBXGroup;
			children = (
				BABBD1A12DA4DC7CDD5E30DA /* CityChainAppApp.swift */,
			);
			path = entrypoint;
			sourceTree = "<group>";
		};
		66A1B65FA39F571F0FA6699E /* Products */ = {
			isa = PBXGroup;
			children = (
				7D2B12290F6ADAE2F1B1DBB2 /* CityChainApp.app */,
				DEC372D3239535942E74F4DC /* OracleBallApp.app */,
				9C2615427A2B6A804DDC43B7 /* OracleBallAppUITests.xctest */,
				ACDC26693EFD67FE407BDC53 /* OracleWidgetsExtension.appex */,
			);
			name = Products;
			sourceTree = "<group>";
		};
		6CDCC0ABD61BE7F944D52719 /* model */ = {
			isa = PBXGroup;
			children = (
				189A2400EF9C0600C7420458 /* OracleCredentialsStore.swift */,
				89D4C408255199F51C9E4D9E /* OracleHaptics.swift */,
			);
			path = model;
			sourceTree = "<group>";
		};
		753D497C7C54FCA33A867ABF /* app */ = {
			isa = PBXGroup;
			children = (
				A3C7D57626A7082A4D8EFCE8 /* entrypoint */,
			);
			path = app;
			sourceTree = "<group>";
		};
		7EB75252B441EC04B7038EB1 /* city */ = {
			isa = PBXGroup;
			children = (
				25AA18C74C29FA0C61CA1B02 /* ui */,
			);
			path = city;
			sourceTree = "<group>";
		};
		7F4BA3789E1974B034A8258E /* providers */ = {
			isa = PBXGroup;
			children = (
				A67E1F11F5D3410963D22099 /* AppDependencies.swift */,
			);
			path = providers;
			sourceTree = "<group>";
		};
		8351295B1AC7B8307C384027 = {
			isa = PBXGroup;
			children = (
				99862B608796978B198961A0 /* CityChainApp */,
				2AF2A62A3FE3E69437999835 /* OracleBallApp */,
				CA640C364C9B6FC6382406BE /* OracleBallAppUITests */,
				8550EA47BBFE106E497E8416 /* OracleWidgets */,
				C6D37A194A720C9F68B69A47 /* Packages */,
				66A1B65FA39F571F0FA6699E /* Products */,
			);
			sourceTree = "<group>";
		};
		8550EA47BBFE106E497E8416 /* OracleWidgets */ = {
			isa = PBXGroup;
			children = (
				2FDC67E0A7EF1343E8E163A6 /* GenerateInstantPredictionIntent.swift */,
				6B9F7144567D17541E66E983 /* InstantPredictionWidget.swift */,
				A81CA36897223D0124FDDFE5 /* Localizable.xcstrings */,
				DFB09BAB95325736C5B21919 /* OracleAppPredictionWidget.swift */,
				00A74CBD7C2E32A5A6D5FAED /* OracleWidgetsBundle.swift */,
				8535B4FE08460A471C02ABCF /* OracleWidgetSharedState.swift */,
				EC3AE3527A1B74DEFEB8C3B4 /* OracleWidgetTimeline.swift */,
			);
			path = OracleWidgets;
			sourceTree = "<group>";
		};
		8C76CDAD2025377612C086A7 /* ui */ = {
			isa = PBXGroup;
			children = (
				F6D0F2E9F233D95523F6AADE /* OracleCosmicBackground.swift */,
				68F74D03A6B2BFC5B062E4D3 /* OraclePage.swift */,
				55A4C6BD24CF45CE45B11625 /* OraclePageModel.swift */,
				2FAFD99DC820B14AC5F98E6C /* OraclePipelineDetailView.swift */,
			);
			path = ui;
			sourceTree = "<group>";
		};
		8CEFD12E0DDC9060C245F2B3 /* assets */ = {
			isa = PBXGroup;
			children = (
				B531FD1996E7982085FB0DAB /* AppIcon.icon */,
				F85255BEFB921D1C014C1753 /* Assets.xcassets */,
			);
			path = assets;
			sourceTree = "<group>";
		};
		99862B608796978B198961A0 /* CityChainApp */ = {
			isa = PBXGroup;
			children = (
				632F2811B6281ED49A08F2E4 /* Localizable.xcstrings */,
				F233BC842C4179774235664C /* app */,
				DC519239E23DE3286310650B /* entities */,
				3E724B63D8BA68E67F16EC0B /* features */,
				D70650C2949931B5B31235E0 /* pages */,
				36A6014BB75818EB0900353F /* widgets */,
			);
			path = CityChainApp;
			sourceTree = "<group>";
		};
		99CB98AB17F0CF3F29E086BE /* model */ = {
			isa = PBXGroup;
			children = (
				8CAD9C413344AF26731F5A83 /* CityChainPageModel.swift */,
			);
			path = model;
			sourceTree = "<group>";
		};
		A3C7D57626A7082A4D8EFCE8 /* entrypoint */ = {
			isa = PBXGroup;
			children = (
				A9E8AA3D45A8DA72E5C9C6AE /* OracleBallApp.swift */,
			);
			path = entrypoint;
			sourceTree = "<group>";
		};
		C6D37A194A720C9F68B69A47 /* Packages */ = {
			isa = PBXGroup;
			children = (
				373D4F350281AEB2AD84E367 /* SwiftDecision-Examples */,
			);
			name = Packages;
			sourceTree = "<group>";
		};
		C9014AB88BFBAFE6445429B0 /* geometry */ = {
			isa = PBXGroup;
			children = (
				D4C81B75995F2AFAA80302DE /* OracleFieldMesh.swift */,
				57250EFE799C3061E9C2760F /* OracleMesh.swift */,
			);
			path = geometry;
			sourceTree = "<group>";
		};
		CA640C364C9B6FC6382406BE /* OracleBallAppUITests */ = {
			isa = PBXGroup;
			children = (
				4C1ABCEFDF8B508F160F6631 /* OracleKeyboardDismissalUITests.swift */,
			);
			path = OracleBallAppUITests;
			sourceTree = "<group>";
		};
		D5C249E64B808CE04F3CA95E /* entities */ = {
			isa = PBXGroup;
			children = (
				EB1A88210A460B505480CE32 /* oracle-ball */,
			);
			path = entities;
			sourceTree = "<group>";
		};
		D70650C2949931B5B31235E0 /* pages */ = {
			isa = PBXGroup;
			children = (
				0EFAC966E8B5CDC22504FF7F /* city-chain */,
			);
			path = pages;
			sourceTree = "<group>";
		};
		DC519239E23DE3286310650B /* entities */ = {
			isa = PBXGroup;
			children = (
				7EB75252B441EC04B7038EB1 /* city */,
			);
			path = entities;
			sourceTree = "<group>";
		};
		E49A8992C315599DEC2820D9 /* pages */ = {
			isa = PBXGroup;
			children = (
				5F1713E7F0F35C0B50E48F63 /* oracle */,
			);
			path = pages;
			sourceTree = "<group>";
		};
		E8FC602355EC6F88B5A0099B /* ui */ = {
			isa = PBXGroup;
			children = (
				A4EA5F6E5CAB64FE4C85581F /* CityChainPage.swift */,
			);
			path = ui;
			sourceTree = "<group>";
		};
		EB1A88210A460B505480CE32 /* oracle-ball */ = {
			isa = PBXGroup;
			children = (
				EFBDFD14D62F27449CF7084A /* lib */,
				23391980C59A7DB43B369234 /* model */,
				0966F5EBC78D20791C03F650 /* ui */,
			);
			path = "oracle-ball";
			sourceTree = "<group>";
		};
		EFBDFD14D62F27449CF7084A /* lib */ = {
			isa = PBXGroup;
			children = (
				C9014AB88BFBAFE6445429B0 /* geometry */,
				2081DE817D37E9E376740E06 /* motion */,
				257E50C7017CB0B9AF6EC1B3 /* rendering */,
			);
			path = lib;
			sourceTree = "<group>";
		};
		F233BC842C4179774235664C /* app */ = {
			isa = PBXGroup;
			children = (
				5FCF52F56832082BBB93D9D1 /* entrypoint */,
				7F4BA3789E1974B034A8258E /* providers */,
			);
			path = app;
			sourceTree = "<group>";
		};
		FD84538909A24DC13BA93E0C /* submit-city */ = {
			isa = PBXGroup;
			children = (
				5A7D9BBDAE2001F67872F30C /* ui */,
			);
			path = "submit-city";
			sourceTree = "<group>";
		};
/* End PBXGroup section */

/* Begin PBXNativeTarget section */
		17A07C189799AE57CFF894BD /* OracleWidgetsExtension */ = {
			isa = PBXNativeTarget;
			buildConfigurationList = 1A70897A902CD4EF77A251AA /* Build configuration list for PBXNativeTarget "OracleWidgetsExtension" */;
			buildPhases = (
				262EC762BFBA8014B3FB60C1 /* Sources */,
				931D6650E502AAA9043B9EF5 /* Resources */,
				268536A36475ED114571A0FE /* Frameworks */,
			);
			buildRules = (
			);
			dependencies = (
			);
			name = OracleWidgetsExtension;
			packageProductDependencies = (
				B526B27F616260884223ACF6 /* OracleGame */,
				95C63AA09DE5578A10CF1FF3 /* OracleHistory */,
			);
			productName = OracleWidgetsExtension;
			productReference = ACDC26693EFD67FE407BDC53 /* OracleWidgetsExtension.appex */;
			productType = "com.apple.product-type.app-extension";
		};
		5F2AA21B77A3804B4174B9AD /* OracleBallApp */ = {
			isa = PBXNativeTarget;
			buildConfigurationList = 5F5E39792004F5CA89624A33 /* Build configuration list for PBXNativeTarget "OracleBallApp" */;
			buildPhases = (
				114BD56D093FD1994D8BAFA3 /* Sources */,
				E2FE1A54D38F5F124C771133 /* Resources */,
				D941363B7C9544F6E2DCC48B /* Frameworks */,
				A1666B2AE9353B999CF1AE8E /* Embed Foundation Extensions */,
			);
			buildRules = (
			);
			dependencies = (
				AB929A2081A3DB5856FA3A9C /* PBXTargetDependency */,
			);
			name = OracleBallApp;
			packageProductDependencies = (
				01B68DE758911AE15B2AAEBE /* OraclePresentation */,
				4E5F7613A5B4238BF6496ACD /* OracleGame */,
				E14F9F1E7EE4A975AA0F6EC8 /* OracleHistory */,
				A80462350E333E838A687772 /* NestedA11yIDs */,
			);
			productName = OracleBallApp;
			productReference = DEC372D3239535942E74F4DC /* OracleBallApp.app */;
			productType = "com.apple.product-type.application";
		};
		963DA7726D5C483EA1F25ECB /* OracleBallAppUITests */ = {
			isa = PBXNativeTarget;
			buildConfigurationList = D2026C704D37C7AF31608CB7 /* Build configuration list for PBXNativeTarget "OracleBallAppUITests" */;
			buildPhases = (
				82B5E802B4A2D461ED90A4DC /* Sources */,
			);
			buildRules = (
			);
			dependencies = (
				D8917E6A59D12DA71436BCD2 /* PBXTargetDependency */,
			);
			name = OracleBallAppUITests;
			packageProductDependencies = (
			);
			productName = OracleBallAppUITests;
			productReference = 9C2615427A2B6A804DDC43B7 /* OracleBallAppUITests.xctest */;
			productType = "com.apple.product-type.bundle.ui-testing";
		};
		B1033693A11B9FECC49A3912 /* CityChainApp */ = {
			isa = PBXNativeTarget;
			buildConfigurationList = 92FCE6D0664E009C07747289 /* Build configuration list for PBXNativeTarget "CityChainApp" */;
			buildPhases = (
				B99C9381A191E6D03E09665E /* Sources */,
				30B0C3251085FBFEF5B36BC5 /* Resources */,
				F7679AD4D23EBBD70E4EC960 /* Frameworks */,
			);
			buildRules = (
			);
			dependencies = (
			);
			name = CityChainApp;
			packageProductDependencies = (
				BCFC25CE5B72400FF274C46C /* CityChainGame */,
			);
			productName = CityChainApp;
			productReference = 7D2B12290F6ADAE2F1B1DBB2 /* CityChainApp.app */;
			productType = "com.apple.product-type.application";
		};
/* End PBXNativeTarget section */

/* Begin PBXProject section */
		8CE498A7BADB6E1F82DF9593 /* Project object */ = {
			isa = PBXProject;
			attributes = {
				BuildIndependentTargetsInParallel = YES;
				LastUpgradeCheck = 1430;
				TargetAttributes = {
					17A07C189799AE57CFF894BD = {
						DevelopmentTeam = P8T2366K8X;
					};
					5F2AA21B77A3804B4174B9AD = {
						DevelopmentTeam = P8T2366K8X;
					};
					963DA7726D5C483EA1F25ECB = {
						TestTargetID = 5F2AA21B77A3804B4174B9AD;
					};
				};
			};
			buildConfigurationList = CA8A0F14E6CD98AC98D99187 /* Build configuration list for PBXProject "CityChainApp" */;
			developmentRegion = en;
			hasScannedForEncodings = 0;
			knownRegions = (
				Base,
				en,
				ru,
			);
			mainGroup = 8351295B1AC7B8307C384027;
			minimizedProjectReferenceProxies = 1;
			packageReferences = (
				F170F08606310B70E4DA4F5C /* XCRemoteSwiftPackageReference "NestedA11yIDs" */,
				49CB85DE23EA0C4605378EF4 /* XCLocalSwiftPackageReference "." */,
			);
			preferredProjectObjectVersion = 77;
			productRefGroup = 66A1B65FA39F571F0FA6699E /* Products */;
			projectDirPath = "";
			projectRoot = "";
			targets = (
				B1033693A11B9FECC49A3912 /* CityChainApp */,
				5F2AA21B77A3804B4174B9AD /* OracleBallApp */,
				963DA7726D5C483EA1F25ECB /* OracleBallAppUITests */,
				17A07C189799AE57CFF894BD /* OracleWidgetsExtension */,
			);
		};
/* End PBXProject section */

/* Begin PBXResourcesBuildPhase section */
		30B0C3251085FBFEF5B36BC5 /* Resources */ = {
			isa = PBXResourcesBuildPhase;
			buildActionMask = 2147483647;
			files = (
				C7BD59E26A02FB2014A3DEC9 /* Localizable.xcstrings in Resources */,
			);
			runOnlyForDeploymentPostprocessing = 0;
		};
		931D6650E502AAA9043B9EF5 /* Resources */ = {
			isa = PBXResourcesBuildPhase;
			buildActionMask = 2147483647;
			files = (
				984555AD6DFED2631EFF285C /* Localizable.xcstrings in Resources */,
			);
			runOnlyForDeploymentPostprocessing = 0;
		};
		E2FE1A54D38F5F124C771133 /* Resources */ = {
			isa = PBXResourcesBuildPhase;
			buildActionMask = 2147483647;
			files = (
				D58DEC0FE1D9DBC3A288FEBD /* AppIcon.icon in Resources */,
				2970C361B601B3AFC3C83A8E /* Assets.xcassets in Resources */,
				88B94470AC44FFD8F0C04E9C /* LaunchScreen.storyboard in Resources */,
				5B6A6A9912E027A69E2DA48E /* Localizable.xcstrings in Resources */,
			);
			runOnlyForDeploymentPostprocessing = 0;
		};
/* End PBXResourcesBuildPhase section */

/* Begin PBXSourcesBuildPhase section */
		114BD56D093FD1994D8BAFA3 /* Sources */ = {
			isa = PBXSourcesBuildPhase;
			buildActionMask = 2147483647;
			files = (
				B8487555A70BD40DA8F7B8F0 /* AskOracleField.swift in Sources */,
				05AB46FBE54D49FA367F8C75 /* OracleAnswerTexture.swift in Sources */,
				2D0F7D6CD3818F07344C8A38 /* OracleBallApp.swift in Sources */,
				D35C1FB39BB776E196D9B2FC /* OracleBallGestureLayer.swift in Sources */,
				11CCB03EDA6C91FCA8DA8BB6 /* OracleBallViewport.swift in Sources */,
				BEEB7D3D5DEE34E208AFB5DF /* OracleCosmicBackground.swift in Sources */,
				CE982400AFC0CA0CEAC8CB7A /* OracleCredentialsStore.swift in Sources */,
				85139911433978FEDC77673D /* OracleFace.metal in Sources */,
				C428D200A15D0227F94E7C98 /* OracleField.metal in Sources */,
				C660E0BCF93CFFEAC6ED29E0 /* OracleField.swift in Sources */,
				C5CBA2C9D15B3CECA29148AF /* OracleFieldComponent.swift in Sources */,
				1A1ED4733AC5023DF7F56DD1 /* OracleFieldMesh.swift in Sources */,
				248C23E9ABDAFA82B6D469EB /* OracleFieldSystem.swift in Sources */,
				0F14080BDB66721C03229982 /* OracleHaptics.swift in Sources */,
				08750526D5EF2E6AEEE23BD3 /* OracleLighting.swift in Sources */,
				A3EE2CC47B4CB15DD7A30F73 /* OracleMaterials.swift in Sources */,
				AF6617E50ED31DA57800D22C /* OracleMesh.swift in Sources */,
				FD2EA813D1694B02FD07768F /* OracleModeSelector.swift in Sources */,
				EC6595AF675A41B6667771EE /* OracleMotionComponent.swift in Sources */,
				82E6986B7DF9835BC0DFA101 /* OracleMotionInput.swift in Sources */,
				7D280D82F2F7E5DF67FEA291 /* OraclePage.swift in Sources */,
				1171D0C01276BB198AED2320 /* OraclePageModel.swift in Sources */,
				F68B6A00A624552F48757EBB /* OraclePalette.swift in Sources */,
				A69FFEDBE6FEAF3BF6840BE8 /* OraclePipelineDetailView.swift in Sources */,
				1E7947AE883BC2653A6DCA5F /* OracleRevealComponent.swift in Sources */,
				D59B5FA5D6EDECEAF9F38A98 /* OracleRevealSystem.swift in Sources */,
				50807669B747813DBC71B7FD /* OracleScene.swift in Sources */,
				28B49B28EE662B70EEE0AA13 /* OracleWindow.metal in Sources */,
			);
			runOnlyForDeploymentPostprocessing = 0;
		};
		262EC762BFBA8014B3FB60C1 /* Sources */ = {
			isa = PBXSourcesBuildPhase;
			buildActionMask = 2147483647;
			files = (
				246F0A525994AF40D20F5001 /* GenerateInstantPredictionIntent.swift in Sources */,
				CC9713D79CF8C5FF87AAEE84 /* InstantPredictionWidget.swift in Sources */,
				87BF65EE99D6ACD07F95C3FE /* OracleAppPredictionWidget.swift in Sources */,
				A72A68238261606A5A001734 /* OracleWidgetSharedState.swift in Sources */,
				73D9F4D9F66A8E7D19B64430 /* OracleWidgetTimeline.swift in Sources */,
				086AAE21D06E4D2B0B970A17 /* OracleWidgetsBundle.swift in Sources */,
			);
			runOnlyForDeploymentPostprocessing = 0;
		};
		82B5E802B4A2D461ED90A4DC /* Sources */ = {
			isa = PBXSourcesBuildPhase;
			buildActionMask = 2147483647;
			files = (
				0C413AFAC6BB64504225BC2A /* OracleKeyboardDismissalUITests.swift in Sources */,
			);
			runOnlyForDeploymentPostprocessing = 0;
		};
		B99C9381A191E6D03E09665E /* Sources */ = {
			isa = PBXSourcesBuildPhase;
			buildActionMask = 2147483647;
			files = (
				2CCEE2308AE20D4D17F0FDFB /* AppDependencies.swift in Sources */,
				D811AB713A983C27ABB46B7F /* CityChainAppApp.swift in Sources */,
				580EB72F3B3FF332583161E7 /* CityChainPage.swift in Sources */,
				0C4CFA6FCD802F3DBBC3FE18 /* CityChainPageModel.swift in Sources */,
				CA7B6FB826C11092AB41EF8B /* CityTurnRow.swift in Sources */,
				ED0E773E7B8A4DCBB13C7BB3 /* GameBoardWidget.swift in Sources */,
				67A639B8B3CC8FD71BA3D81E /* SubmitCityForm.swift in Sources */,
			);
			runOnlyForDeploymentPostprocessing = 0;
		};
/* End PBXSourcesBuildPhase section */

/* Begin PBXTargetDependency section */
		AB929A2081A3DB5856FA3A9C /* PBXTargetDependency */ = {
			isa = PBXTargetDependency;
			target = 17A07C189799AE57CFF894BD /* OracleWidgetsExtension */;
			targetProxy = BFFD7C9D1487BEB1814DD908 /* PBXContainerItemProxy */;
		};
		D8917E6A59D12DA71436BCD2 /* PBXTargetDependency */ = {
			isa = PBXTargetDependency;
			target = 5F2AA21B77A3804B4174B9AD /* OracleBallApp */;
			targetProxy = 69A1E8FBACC85BE2F5E28221 /* PBXContainerItemProxy */;
		};
/* End PBXTargetDependency section */

/* Begin XCBuildConfiguration section */
		338941EBE6C8E69FF571E24A /* Release */ = {
			isa = XCBuildConfiguration;
			buildSettings = {
				ALWAYS_SEARCH_USER_PATHS = NO;
				CLANG_ANALYZER_NONNULL = YES;
				CLANG_ANALYZER_NUMBER_OBJECT_CONVERSION = YES_AGGRESSIVE;
				CLANG_CXX_LANGUAGE_STANDARD = "gnu++14";
				CLANG_CXX_LIBRARY = "libc++";
				CLANG_ENABLE_MODULES = YES;
				CLANG_ENABLE_OBJC_ARC = YES;
				CLANG_ENABLE_OBJC_WEAK = YES;
				CLANG_WARN_BLOCK_CAPTURE_AUTORELEASING = YES;
				CLANG_WARN_BOOL_CONVERSION = YES;
				CLANG_WARN_COMMA = YES;
				CLANG_WARN_CONSTANT_CONVERSION = YES;
				CLANG_WARN_DEPRECATED_OBJC_IMPLEMENTATIONS = YES;
				CLANG_WARN_DIRECT_OBJC_ISA_USAGE = YES_ERROR;
				CLANG_WARN_DOCUMENTATION_COMMENTS = YES;
				CLANG_WARN_EMPTY_BODY = YES;
				CLANG_WARN_ENUM_CONVERSION = YES;
				CLANG_WARN_INFINITE_RECURSION = YES;
				CLANG_WARN_INT_CONVERSION = YES;
				CLANG_WARN_NON_LITERAL_NULL_CONVERSION = YES;
				CLANG_WARN_OBJC_IMPLICIT_RETAIN_SELF = YES;
				CLANG_WARN_OBJC_LITERAL_CONVERSION = YES;
				CLANG_WARN_OBJC_ROOT_CLASS = YES_ERROR;
				CLANG_WARN_QUOTED_INCLUDE_IN_FRAMEWORK_HEADER = YES;
				CLANG_WARN_RANGE_LOOP_ANALYSIS = YES;
				CLANG_WARN_STRICT_PROTOTYPES = YES;
				CLANG_WARN_SUSPICIOUS_MOVE = YES;
				CLANG_WARN_UNGUARDED_AVAILABILITY = YES_AGGRESSIVE;
				CLANG_WARN_UNREACHABLE_CODE = YES;
				CLANG_WARN__DUPLICATE_METHOD_MATCH = YES;
				COPY_PHASE_STRIP = NO;
				DEBUG_INFORMATION_FORMAT = "dwarf-with-dsym";
				ENABLE_NS_ASSERTIONS = NO;
				ENABLE_STRICT_OBJC_MSGSEND = YES;
				GCC_C_LANGUAGE_STANDARD = gnu11;
				GCC_NO_COMMON_BLOCKS = YES;
				GCC_WARN_64_TO_32_BIT_CONVERSION = YES;
				GCC_WARN_ABOUT_RETURN_TYPE = YES_ERROR;
				GCC_WARN_UNDECLARED_SELECTOR = YES;
				GCC_WARN_UNINITIALIZED_AUTOS = YES_AGGRESSIVE;
				GCC_WARN_UNUSED_FUNCTION = YES;
				GCC_WARN_UNUSED_VARIABLE = YES;
				IPHONEOS_DEPLOYMENT_TARGET = 17.0;
				MTL_ENABLE_DEBUG_INFO = NO;
				MTL_FAST_MATH = YES;
				PRODUCT_NAME = "$(TARGET_NAME)";
				SDKROOT = iphoneos;
				SWIFT_COMPILATION_MODE = wholemodule;
				SWIFT_OPTIMIZATION_LEVEL = "-O";
				SWIFT_VERSION = 5.0;
			};
			name = Release;
		};
		345793F938AC03A2C82F38A6 /* Release */ = {
			isa = XCBuildConfiguration;
			buildSettings = {
				ASSETCATALOG_COMPILER_APPICON_NAME = AppIcon;
				CODE_SIGN_IDENTITY = "iPhone Developer";
				GENERATE_INFOPLIST_FILE = YES;
				INFOPLIST_KEY_UIApplicationSceneManifest_Generation = YES;
				IPHONEOS_DEPLOYMENT_TARGET = 17.0;
				LD_RUNPATH_SEARCH_PATHS = (
					"$(inherited)",
					"@executable_path/Frameworks",
				);
				PRODUCT_BUNDLE_IDENTIFIER = com.soundblaster.citychain;
				SDKROOT = iphoneos;
				SWIFT_VERSION = 6.0;
				TARGETED_DEVICE_FAMILY = "1,2";
			};
			name = Release;
		};
		4471716DB8F3F4D79B23C6E3 /* Release */ = {
			isa = XCBuildConfiguration;
			buildSettings = {
				APPLICATION_EXTENSION_API_ONLY = YES;
				CODE_SIGN_ENTITLEMENTS = OracleWidgetsExtension.entitlements;
				DEVELOPMENT_TEAM = P8T2366K8X;
				INFOPLIST_FILE = OracleWidgets/Info.plist;
				IPHONEOS_DEPLOYMENT_TARGET = 17.0;
				LD_RUNPATH_SEARCH_PATHS = (
					"$(inherited)",
					"@executable_path/Frameworks",
					"@executable_path/../../Frameworks",
				);
				PRODUCT_BUNDLE_IDENTIFIER = com.soundblaster.oracleball.widgets;
				SDKROOT = iphoneos;
				SKIP_INSTALL = YES;
				SWIFT_VERSION = 6.0;
				TARGETED_DEVICE_FAMILY = "1,2";
			};
			name = Release;
		};
		59218A294CE1ABDE6FE049A4 /* Release */ = {
			isa = XCBuildConfiguration;
			buildSettings = {
				BUNDLE_LOADER = "$(TEST_HOST)";
				GENERATE_INFOPLIST_FILE = YES;
				IPHONEOS_DEPLOYMENT_TARGET = 26.0;
				LD_RUNPATH_SEARCH_PATHS = (
					"$(inherited)",
					"@executable_path/Frameworks",
					"@loader_path/Frameworks",
				);
				PRODUCT_BUNDLE_IDENTIFIER = com.soundblaster.oracleball.uitests;
				SDKROOT = iphoneos;
				SWIFT_VERSION = 6.0;
				TARGETED_DEVICE_FAMILY = "1,2";
				TEST_TARGET_NAME = OracleBallApp;
			};
			name = Release;
		};
		5D6D7D8973AA994FE604117D /* Debug */ = {
			isa = XCBuildConfiguration;
			buildSettings = {
				BUNDLE_LOADER = "$(TEST_HOST)";
				GENERATE_INFOPLIST_FILE = YES;
				IPHONEOS_DEPLOYMENT_TARGET = 26.0;
				LD_RUNPATH_SEARCH_PATHS = (
					"$(inherited)",
					"@executable_path/Frameworks",
					"@loader_path/Frameworks",
				);
				PRODUCT_BUNDLE_IDENTIFIER = com.soundblaster.oracleball.uitests;
				SDKROOT = iphoneos;
				SWIFT_VERSION = 6.0;
				TARGETED_DEVICE_FAMILY = "1,2";
				TEST_TARGET_NAME = OracleBallApp;
			};
			name = Debug;
		};
		6E2DEC192172CE5422BE28A3 /* Debug */ = {
			isa = XCBuildConfiguration;
			buildSettings = {
				ASSETCATALOG_COMPILER_APPICON_NAME = AppIcon;
				ASSETCATALOG_COMPILER_INCLUDE_ALL_APPICON_ASSETS = YES;
				CODE_SIGN_ENTITLEMENTS = OracleBallApp/OracleBallApp.entitlements;
				CODE_SIGN_IDENTITY = "iPhone Developer";
				DEVELOPMENT_TEAM = P8T2366K8X;
				INFOPLIST_FILE = OracleBallApp/Info.plist;
				IPHONEOS_DEPLOYMENT_TARGET = 26.0;
				LD_RUNPATH_SEARCH_PATHS = (
					"$(inherited)",
					"@executable_path/Frameworks",
				);
				PRODUCT_BUNDLE_IDENTIFIER = com.soundblaster.oracleball;
				SDKROOT = iphoneos;
				SWIFT_VERSION = 6.0;
				TARGETED_DEVICE_FAMILY = "1,2";
			};
			name = Debug;
		};
		CE4686E2FED6805EB3EECBC0 /* Debug */ = {
			isa = XCBuildConfiguration;
			buildSettings = {
				APPLICATION_EXTENSION_API_ONLY = YES;
				CODE_SIGN_ENTITLEMENTS = OracleWidgetsExtension.entitlements;
				DEVELOPMENT_TEAM = P8T2366K8X;
				INFOPLIST_FILE = OracleWidgets/Info.plist;
				IPHONEOS_DEPLOYMENT_TARGET = 17.0;
				LD_RUNPATH_SEARCH_PATHS = (
					"$(inherited)",
					"@executable_path/Frameworks",
					"@executable_path/../../Frameworks",
				);
				PRODUCT_BUNDLE_IDENTIFIER = com.soundblaster.oracleball.widgets;
				SDKROOT = iphoneos;
				SKIP_INSTALL = YES;
				SWIFT_VERSION = 6.0;
				TARGETED_DEVICE_FAMILY = "1,2";
			};
			name = Debug;
		};
		D2B49C3FFE31E9044BE57D5D /* Debug */ = {
			isa = XCBuildConfiguration;
			buildSettings = {
				ASSETCATALOG_COMPILER_APPICON_NAME = AppIcon;
				CODE_SIGN_IDENTITY = "iPhone Developer";
				GENERATE_INFOPLIST_FILE = YES;
				INFOPLIST_KEY_UIApplicationSceneManifest_Generation = YES;
				IPHONEOS_DEPLOYMENT_TARGET = 17.0;
				LD_RUNPATH_SEARCH_PATHS = (
					"$(inherited)",
					"@executable_path/Frameworks",
				);
				PRODUCT_BUNDLE_IDENTIFIER = com.soundblaster.citychain;
				SDKROOT = iphoneos;
				SWIFT_VERSION = 6.0;
				TARGETED_DEVICE_FAMILY = "1,2";
			};
			name = Debug;
		};
		E95D39580E8FC1D27FCFF19E /* Debug */ = {
			isa = XCBuildConfiguration;
			buildSettings = {
				ALWAYS_SEARCH_USER_PATHS = NO;
				CLANG_ANALYZER_NONNULL = YES;
				CLANG_ANALYZER_NUMBER_OBJECT_CONVERSION = YES_AGGRESSIVE;
				CLANG_CXX_LANGUAGE_STANDARD = "gnu++14";
				CLANG_CXX_LIBRARY = "libc++";
				CLANG_ENABLE_MODULES = YES;
				CLANG_ENABLE_OBJC_ARC = YES;
				CLANG_ENABLE_OBJC_WEAK = YES;
				CLANG_WARN_BLOCK_CAPTURE_AUTORELEASING = YES;
				CLANG_WARN_BOOL_CONVERSION = YES;
				CLANG_WARN_COMMA = YES;
				CLANG_WARN_CONSTANT_CONVERSION = YES;
				CLANG_WARN_DEPRECATED_OBJC_IMPLEMENTATIONS = YES;
				CLANG_WARN_DIRECT_OBJC_ISA_USAGE = YES_ERROR;
				CLANG_WARN_DOCUMENTATION_COMMENTS = YES;
				CLANG_WARN_EMPTY_BODY = YES;
				CLANG_WARN_ENUM_CONVERSION = YES;
				CLANG_WARN_INFINITE_RECURSION = YES;
				CLANG_WARN_INT_CONVERSION = YES;
				CLANG_WARN_NON_LITERAL_NULL_CONVERSION = YES;
				CLANG_WARN_OBJC_IMPLICIT_RETAIN_SELF = YES;
				CLANG_WARN_OBJC_LITERAL_CONVERSION = YES;
				CLANG_WARN_OBJC_ROOT_CLASS = YES_ERROR;
				CLANG_WARN_QUOTED_INCLUDE_IN_FRAMEWORK_HEADER = YES;
				CLANG_WARN_RANGE_LOOP_ANALYSIS = YES;
				CLANG_WARN_STRICT_PROTOTYPES = YES;
				CLANG_WARN_SUSPICIOUS_MOVE = YES;
				CLANG_WARN_UNGUARDED_AVAILABILITY = YES_AGGRESSIVE;
				CLANG_WARN_UNREACHABLE_CODE = YES;
				CLANG_WARN__DUPLICATE_METHOD_MATCH = YES;
				COPY_PHASE_STRIP = NO;
				DEBUG_INFORMATION_FORMAT = dwarf;
				ENABLE_STRICT_OBJC_MSGSEND = YES;
				ENABLE_TESTABILITY = YES;
				GCC_C_LANGUAGE_STANDARD = gnu11;
				GCC_DYNAMIC_NO_PIC = NO;
				GCC_NO_COMMON_BLOCKS = YES;
				GCC_OPTIMIZATION_LEVEL = 0;
				GCC_PREPROCESSOR_DEFINITIONS = (
					"$(inherited)",
					"DEBUG=1",
				);
				GCC_WARN_64_TO_32_BIT_CONVERSION = YES;
				GCC_WARN_ABOUT_RETURN_TYPE = YES_ERROR;
				GCC_WARN_UNDECLARED_SELECTOR = YES;
				GCC_WARN_UNINITIALIZED_AUTOS = YES_AGGRESSIVE;
				GCC_WARN_UNUSED_FUNCTION = YES;
				GCC_WARN_UNUSED_VARIABLE = YES;
				IPHONEOS_DEPLOYMENT_TARGET = 17.0;
				MTL_ENABLE_DEBUG_INFO = INCLUDE_SOURCE;
				MTL_FAST_MATH = YES;
				ONLY_ACTIVE_ARCH = YES;
				PRODUCT_NAME = "$(TARGET_NAME)";
				SDKROOT = iphoneos;
				SWIFT_ACTIVE_COMPILATION_CONDITIONS = DEBUG;
				SWIFT_OPTIMIZATION_LEVEL = "-Onone";
				SWIFT_VERSION = 5.0;
			};
			name = Debug;
		};
		ECAB337C9864D11987AC7B87 /* Release */ = {
			isa = XCBuildConfiguration;
			buildSettings = {
				ASSETCATALOG_COMPILER_APPICON_NAME = AppIcon;
				ASSETCATALOG_COMPILER_INCLUDE_ALL_APPICON_ASSETS = YES;
				CODE_SIGN_ENTITLEMENTS = OracleBallApp/OracleBallApp.entitlements;
				CODE_SIGN_IDENTITY = "iPhone Developer";
				DEVELOPMENT_TEAM = P8T2366K8X;
				INFOPLIST_FILE = OracleBallApp/Info.plist;
				IPHONEOS_DEPLOYMENT_TARGET = 26.0;
				LD_RUNPATH_SEARCH_PATHS = (
					"$(inherited)",
					"@executable_path/Frameworks",
				);
				PRODUCT_BUNDLE_IDENTIFIER = com.soundblaster.oracleball;
				SDKROOT = iphoneos;
				SWIFT_VERSION = 6.0;
				TARGETED_DEVICE_FAMILY = "1,2";
			};
			name = Release;
		};
/* End XCBuildConfiguration section */

/* Begin XCConfigurationList section */
		1A70897A902CD4EF77A251AA /* Build configuration list for PBXNativeTarget "OracleWidgetsExtension" */ = {
			isa = XCConfigurationList;
			buildConfigurations = (
				CE4686E2FED6805EB3EECBC0 /* Debug */,
				4471716DB8F3F4D79B23C6E3 /* Release */,
			);
			defaultConfigurationIsVisible = 0;
			defaultConfigurationName = Debug;
		};
		5F5E39792004F5CA89624A33 /* Build configuration list for PBXNativeTarget "OracleBallApp" */ = {
			isa = XCConfigurationList;
			buildConfigurations = (
				6E2DEC192172CE5422BE28A3 /* Debug */,
				ECAB337C9864D11987AC7B87 /* Release */,
			);
			defaultConfigurationIsVisible = 0;
			defaultConfigurationName = Debug;
		};
		92FCE6D0664E009C07747289 /* Build configuration list for PBXNativeTarget "CityChainApp" */ = {
			isa = XCConfigurationList;
			buildConfigurations = (
				D2B49C3FFE31E9044BE57D5D /* Debug */,
				345793F938AC03A2C82F38A6 /* Release */,
			);
			defaultConfigurationIsVisible = 0;
			defaultConfigurationName = Debug;
		};
		CA8A0F14E6CD98AC98D99187 /* Build configuration list for PBXProject "CityChainApp" */ = {
			isa = XCConfigurationList;
			buildConfigurations = (
				E95D39580E8FC1D27FCFF19E /* Debug */,
				338941EBE6C8E69FF571E24A /* Release */,
			);
			defaultConfigurationIsVisible = 0;
			defaultConfigurationName = Debug;
		};
		D2026C704D37C7AF31608CB7 /* Build configuration list for PBXNativeTarget "OracleBallAppUITests" */ = {
			isa = XCConfigurationList;
			buildConfigurations = (
				5D6D7D8973AA994FE604117D /* Debug */,
				59218A294CE1ABDE6FE049A4 /* Release */,
			);
			defaultConfigurationIsVisible = 0;
			defaultConfigurationName = Debug;
		};
/* End XCConfigurationList section */

/* Begin XCLocalSwiftPackageReference section */
		49CB85DE23EA0C4605378EF4 /* XCLocalSwiftPackageReference "." */ = {
			isa = XCLocalSwiftPackageReference;
			relativePath = .;
		};
/* End XCLocalSwiftPackageReference section */

/* Begin XCRemoteSwiftPackageReference section */
		F170F08606310B70E4DA4F5C /* XCRemoteSwiftPackageReference "NestedA11yIDs" */ = {
			isa = XCRemoteSwiftPackageReference;
			repositoryURL = "https://github.com/SoundBlaster/NestedA11yIDs.git";
			requirement = {
				kind = upToNextMajorVersion;
				minimumVersion = 1.0.0;
			};
		};
/* End XCRemoteSwiftPackageReference section */

/* Begin XCSwiftPackageProductDependency section */
		01B68DE758911AE15B2AAEBE /* OraclePresentation */ = {
			isa = XCSwiftPackageProductDependency;
			productName = OraclePresentation;
		};
		4E5F7613A5B4238BF6496ACD /* OracleGame */ = {
			isa = XCSwiftPackageProductDependency;
			productName = OracleGame;
		};
		95C63AA09DE5578A10CF1FF3 /* OracleHistory */ = {
			isa = XCSwiftPackageProductDependency;
			productName = OracleHistory;
		};
		A80462350E333E838A687772 /* NestedA11yIDs */ = {
			isa = XCSwiftPackageProductDependency;
			package = F170F08606310B70E4DA4F5C /* XCRemoteSwiftPackageReference "NestedA11yIDs" */;
			productName = NestedA11yIDs;
		};
		B526B27F616260884223ACF6 /* OracleGame */ = {
			isa = XCSwiftPackageProductDependency;
			productName = OracleGame;
		};
		BCFC25CE5B72400FF274C46C /* CityChainGame */ = {
			isa = XCSwiftPackageProductDependency;
			productName = CityChainGame;
		};
		E14F9F1E7EE4A975AA0F6EC8 /* OracleHistory */ = {
			isa = XCSwiftPackageProductDependency;
			productName = OracleHistory;
		};
/* End XCSwiftPackageProductDependency section */
	};
	rootObject = 8CE498A7BADB6E1F82DF9593 /* Project object */;
}
